
Microsoft Visual Studio Solution File, Format Version 12.00
# Visual Studio Version 17
VisualStudioVersion = 17.5.002.0
MinimumVisualStudioVersion = 10.0.40219.1
Project("{9A19103F-16F7-4668-BE54-9A1E7A4F7556}") = "TryClerkBlazor", "TryClerkBlazor\TryClerkBlazor.csproj", "{3B060BC7-F044-4046-90F3-3EAABE192405}"
EndProject
Project("{FAE04EC0-301F-11D3-BF4B-00C04F79EFBC}") = "BackendApi", "BackendApi\BackendApi.csproj", "{3D74F092-2112-4E37-B525-0960D03D715F}"
EndProject
Global
	GlobalSection(SolutionConfigurationPlatforms) = preSolution
		Debug|Any CPU = Debug|Any CPU
		Release|Any CPU = Release|Any CPU
	EndGlobalSection
	GlobalSection(ProjectConfigurationPlatforms) = postSolution
		{3B060BC7-F044-4046-90F3-3EAABE192405}.Debug|Any CPU.ActiveCfg = Debug|Any CPU
		{3B060BC7-F044-4046-90F3-3EAABE192405}.Debug|Any CPU.Build.0 = Debug|Any CPU
		{3B060BC7-F044-4046-90F3-3EAABE192405}.Release|Any CPU.ActiveCfg = Release|Any CPU
		{3B060BC7-F044-4046-90F3-3EAABE192405}.Release|Any CPU.Build.0 = Release|Any CPU
		{3D74F092-2112-4E37-B525-0960D03D715F}.Debug|Any CPU.ActiveCfg = Debug|Any CPU
		{3D74F092-2112-4E37-B525-0960D03D715F}.Debug|Any CPU.Build.0 = Debug|Any CPU
		{3D74F092-2112-4E37-B525-0960D03D715F}.Release|Any CPU.ActiveCfg = Release|Any CPU
		{3D74F092-2112-4E37-B525-0960D03D715F}.Release|Any CPU.Build.0 = Release|Any CPU
	EndGlobalSection
	GlobalSection(SolutionProperties) = preSolution
		HideSolutionNode = FALSE
	EndGlobalSection
	GlobalSection(ExtensibilityGlobals) = postSolution
		SolutionGuid = {06241E76-B737-4EFC-808D-A111574D361E}
	EndGlobalSection
EndGlobal
